
Microsoft Visual Studio Solution File, Format Version 12.00
# Visual Studio Version 16
VisualStudioVersion = 16.0.31410.357
MinimumVisualStudioVersion = 10.0.40219.1
Project("{8BC9CEB8-8B4A-11D0-8D11-00A0C91BC942}") = "Projekt", "Projekt\Projekt.vcxproj", "{0FF900A1-266D-4BF6-B06E-958BE79F9633}"
EndProject
Global
	GlobalSection(SolutionConfigurationPlatforms) = preSolution
		Debug|x64 = Debug|x64
		Debug|x86 = Debug|x86
		Release|x64 = Release|x64
		Release|x86 = Release|x86
	EndGlobalSection
	GlobalSection(ProjectConfigurationPlatforms) = postSolution
		{0FF900A1-266D-4BF6-B06E-958BE79F9633}.Debug|x64.ActiveCfg = Debug|x64
		{0FF900A1-266D-4BF6-B06E-958BE79F9633}.Debug|x64.Build.0 = Debug|x64
		{0FF900A1-266D-4BF6-B06E-958BE79F9633}.Debug|x86.ActiveCfg = Debug|Win32
		{0FF900A1-266D-4BF6-B06E-958BE79F9633}.Debug|x86.Build.0 = Debug|Win32
		{0FF900A1-266D-4BF6-B06E-958BE79F9633}.Release|x64.ActiveCfg = Release|x64
		{0FF900A1-266D-4BF6-B06E-958BE79F9633}.Release|x64.Build.0 = Release|x64
		{0FF900A1-266D-4BF6-B06E-958BE79F9633}.Release|x86.ActiveCfg = Release|Win32
		{0FF900A1-266D-4BF6-B06E-958BE79F9633}.Release|x86.Build.0 = Release|Win32
	EndGlobalSection
	GlobalSection(SolutionProperties) = preSolution
		HideSolutionNode = FALSE
	EndGlobalSection
	GlobalSection(ExtensibilityGlobals) = postSolution
		SolutionGuid = {97B7B93B-5F0A-4459-931A-3B38539A9702}
	EndGlobalSection
EndGlobal
